{
  "name": "vite-react-typescript-starter",
  "version": "0.0.0",
  "lockfileVersion": 3,
  "requires": true,
  "packages": {
    "": {
      "name": "vite-react-typescript-starter",
      "version": "0.0.0",
      "license": "ISC",
      "dependencies": {
        "lucide-react": "^0.344.0",
        "react": "^18.3.1",
        "react-dom": "^18.3.1"
      },
      "devDependencies": {
        "@eslint/js": "^9.9.1",
        "@types/react": "^18.3.5",
        "@types/react-dom": "^18.3.0",
        "@vitejs/plugin-react": "^1.3.2",
        "autoprefixer": "^10.4.20",
        "eslint": "^9.9.1",
        "eslint-plugin-react-hooks": "^5.1.0-rc.0",
        "eslint-plugin-react-refresh": "^0.4.11",
        "globals": "^15.9.0",
        "postcss": "^8.5.3",
        "tailwindcss": "^3.4.17",
        "typescript": "^5.5.3",
        "typescript-eslint": "^8.3.0",
        "vite": "^6.1.1"
      }
    },
    "node_modules/@esbuild/openbsd-x64": {
      "version": "0.24.2",
      "resolved": "https://registry.npmjs.org/@esbuild/openbsd-x64/-/openbsd-x64-0.24.2.tgz",
      "integrity": "sha512-+iDS6zpNM6EnJyWv0bMGLWSWeXGN/HTaF/LXHXHwejGsVi+ooqDfMCCTerNFxEkM3wYVcExkeGXNqshc9iMaOA==",
      "cpu": [
        "x64"
      ],
      "dev": true,
      "license": "MIT",
      "optional": true,
      "os": [
        "openbsd"
      ],
      "engines": {
        "node": ">=18"
      }
    },
    "node_modules/@esbuild/sunos-x64": {
      "version": "0.24.2",
      "resolved": "https://registry.npmjs.org/@esbuild/sunos-x64/-/sunos-x64-0.24.2.tgz",
      "integrity": "sha512-hTdsW27jcktEvpwNHJU4ZwWFGkz2zRJUz8pvddmXPtXDzVKTTINmlmga3ZzwcuMpUvLw7JkLy9QLKyGpD2Yxig==",
      "cpu": [
        "x64"
      ],
      "dev": true,
      "license": "MIT",
      "optional": true,
      "os": [
        "sunos"
      ],
      "engines": {
        "node": ">=18"
      }
    }
  }
}